{
  "name": "code_pay",
  "lockfileVersion": 3,
  "requires": true,
  "packages": {
    "": {
      "dependencies": {
        "user-agents": "^1.1.213"
      }
    },
    "node_modules/lodash.clonedeep": {
      "version": "4.5.0",
      "resolved": "https://registry.npmjs.org/lodash.clonedeep/-/lodash.clonedeep-4.5.0.tgz",
      "integrity": "sha512-H5ZhCF25riFd9uB5UCkVKo61m3S/xZk1x4wA6yp/L3RFP6Z/eHH1ymQcGLo7J3GMPfm0V/7m1tryHuGVxpqEBQ=="
    },
    "node_modules/user-agents": {
      "version": "1.1.213",
      "resolved": "https://registry.npmjs.org/user-agents/-/user-agents-1.1.213.tgz",
      "integrity": "sha512-Q7gIVA7BPYoWaWao9IyajHrUb8H14lLvs0xCB5ntt97KDdnCh/+sX/OJtall11D7k9s2bgAWtnYIERxwIz+eqw==",
      "dependencies": {
        "lodash.clonedeep": "^4.5.0"
      }
    }
  }
}
